// !$*UTF8*$!
{
	archiveVersion = 1;
	classes = {
	};
	objectVersion = 46;
	objects = {

/* Begin PBXBuildFile section */
		F571DE371ABC955B003508EE /* main.swift in Sources */ = {isa = PBXBuildFile; fileRef = F571DE361ABC955B003508EE /* main.swift */; };
		F571DE3E1ABC95B4003508EE /* GlowAct.swift in Sources */ = {isa = PBXBuildFile; fileRef = F571DE3D1ABC95B4003508EE /* GlowAct.swift */; };
		F571DE401ABC95C7003508EE /* City.swift in Sources */ = {isa = PBXBuildFile; fileRef = F571DE3F1ABC95C7003508EE /* City.swift */; };
/* End PBXBuildFile section */

/* Begin PBXCopyFilesBuildPhase section */
		F571DE311ABC955B003508EE /* CopyFiles */ = {
			isa = PBXCopyFilesBuildPhase;
			buildActionMask = 2147483647;
			dstPath = /usr/share/man/man1/;
			dstSubfolderSpec = 0;
			files = (
			);
			runOnlyForDeploymentPostprocessing = 1;
		};
/* End PBXCopyFilesBuildPhase section */

/* Begin PBXFileReference section */
		F571DE331ABC955B003508EE /* HellGlow World */ = {isa = PBXFileReference; explicitFileType = "compiled.mach-o.executable"; includeInIndex = 0; path = "HellGlow World"; sourceTree = BUILT_PRODUCTS_DIR; };
		F571DE361ABC955B003508EE /* main.swift */ = {isa = PBXFileReference; lastKnownFileType = sourcecode.swift; path = main.swift; sourceTree = "<group>"; };
		F571DE3D1ABC95B4003508EE /* GlowAct.swift */ = {isa = PBXFileReference; fileEncoding = 4; lastKnownFileType = sourcecode.swift; path = GlowAct.swift; sourceTree = "<group>"; };
		F571DE3F1ABC95C7003508EE /* City.swift */ = {isa = PBXFileReference; fileEncoding = 4; lastKnownFileType = sourcecode.swift; path = City.swift; sourceTree = "<group>"; };
/* End PBXFileReference section */

/* Begin PBXFrameworksBuildPhase section */
		F571DE301ABC955B003508EE /* Frameworks */ = {
			isa = PBXFrameworksBuildPhase;
			buildActionMask = 2147483647;
			files = (
			);
			runOnlyForDeploymentPostprocessing = 0;
		};
/* End PBXFrameworksBuildPhase section */

/* Begin PBXGroup section */
		F571DE2A1ABC955B003508EE = {
			isa = PBXGroup;
			children = (
				F571DE351ABC955B003508EE /* HellGlow World */,
				F571DE341ABC955B003508EE /* Products */,
			);
			sourceTree = "<group>";
		};
		F571DE341ABC955B003508EE /* Products */ = {
			isa = PBXGroup;
			children = (
				F571DE331ABC955B003508EE /* HellGlow World */,
			);
			name = Products;
			sourceTree = "<group>";
		};
		F571DE351ABC955B003508EE /* HellGlow World */ = {
			isa = PBXGroup;
			children = (
				F571DE361ABC955B003508EE /* main.swift */,
				F571DE3D1ABC95B4003508EE /* GlowAct.swift */,
				F571DE3F1ABC95C7003508EE /* City.swift */,
			);
			path = "HellGlow World";
			sourceTree = "<group>";
		};
/* End PBXGroup section */

/* Begin PBXNativeTarget section */
		F571DE321ABC955B003508EE /* HellGlow World */ = {
			isa = PBXNativeTarget;
			buildConfigurationList = F571DE3A1ABC955B003508EE /* Build configuration list for PBXNativeTarget "HellGlow World" */;
			buildPhases = (
				F571DE2F1ABC955B003508EE /* Sources */,
				F571DE301ABC955B003508EE /* Frameworks */,
				F571DE311ABC955B003508EE /* CopyFiles */,
			);
			buildRules = (
			);
			dependencies = (
			);
			name = "HellGlow World";
			productName = "HellGlow World";
			productReference = F571DE331ABC955B003508EE /* HellGlow World */;
			productType = "com.apple.product-type.tool";
		};
/* End PBXNativeTarget section */

/* Begin PBXProject section */
		F571DE2B1ABC955B003508EE /* Project object */ = {
			isa = PBXProject;
			attributes = {
				LastUpgradeCheck = 0610;
				ORGANIZATIONNAME = Fontys;
				TargetAttributes = {
					F571DE321ABC955B003508EE = {
						CreatedOnToolsVersion = 6.1.1;
					};
				};
			};
			buildConfigurationList = F571DE2E1ABC955B003508EE /* Build configuration list for PBXProject "HellGlow World" */;
			compatibilityVersion = "Xcode 3.2";
			developmentRegion = English;
			hasScannedForEncodings = 0;
			knownRegions = (
				en,
			);
			mainGroup = F571DE2A1ABC955B003508EE;
			productRefGroup = F571DE341ABC955B003508EE /* Products */;
			projectDirPath = "";
			projectRoot = "";
			targets = (
				F571DE321ABC955B003508EE /* HellGlow World */,
			);
		};
/* End PBXProject section */

/* Begin PBXSourcesBuildPhase section */
		F571DE2F1ABC955B003508EE /* Sources */ = {
			isa = PBXSourcesBuildPhase;
			buildActionMask = 2147483647;
			files = (
				F571DE371ABC955B003508EE /* main.swift in Sources */,
				F571DE3E1ABC95B4003508EE /* GlowAct.swift in Sources */,
				F571DE401ABC95C7003508EE /* City.swift in Sources */,
			);
			runOnlyForDeploymentPostprocessing = 0;
		};
/* End PBXSourcesBuildPhase section */

/* Begin XCBuildConfiguration section */
		F571DE381ABC955B003508EE /* Debug */ = {
			isa = XCBuildConfiguration;
			buildSettings = {
				ALWAYS_SEARCH_USER_PATHS = NO;
				CLANG_CXX_LANGUAGE_STANDARD = "gnu++0x";
				CLANG_CXX_LIBRARY = "libc++";
				CLANG_ENABLE_MODULES = YES;
				CLANG_ENABLE_OBJC_ARC = YES;
				CLANG_WARN_BOOL_CONVERSION = YES;
				CLANG_WARN_CONSTANT_CONVERSION = YES;
				CLANG_WARN_DIRECT_OBJC_ISA_USAGE = YES_ERROR;
				CLANG_WARN_EMPTY_BODY = YES;
				CLANG_WARN_ENUM_CONVERSION = YES;
				CLANG_WARN_INT_CONVERSION = YES;
				CLANG_WARN_OBJC_ROOT_CLASS = YES_ERROR;
				CLANG_WARN_UNREACHABLE_CODE = YES;
				CLANG_WARN__DUPLICATE_METHOD_MATCH = YES;
				COPY_PHASE_STRIP = NO;
				ENABLE_STRICT_OBJC_MSGSEND = YES;
				GCC_C_LANGUAGE_STANDARD = gnu99;
				GCC_DYNAMIC_NO_PIC = NO;
				GCC_OPTIMIZATION_LEVEL = 0;
				GCC_PREPROCESSOR_DEFINITIONS = (
					"DEBUG=1",
					"$(inherited)",
				);
				GCC_SYMBOLS_PRIVATE_EXTERN = NO;
				GCC_WARN_64_TO_32_BIT_CONVERSION = YES;
				GCC_WARN_ABOUT_RETURN_TYPE = YES_ERROR;
				GCC_WARN_UNDECLARED_SELECTOR = YES;
				GCC_WARN_UNINITIALIZED_AUTOS = YES_AGGRESSIVE;
				GCC_WARN_UNUSED_FUNCTION = YES;
				GCC_WARN_UNUSED_VARIABLE = YES;
				MACOSX_DEPLOYMENT_TARGET = 10.10;
				MTL_ENABLE_DEBUG_INFO = YES;
				ONLY_ACTIVE_ARCH = YES;
				SDKROOT = macosx;
				SWIFT_OPTIMIZATION_LEVEL = "-Onone";
			};
			name = Debug;
		};
		F571DE391ABC955B003508EE /* Release */ = {
			isa = XCBuildConfiguration;
			buildSettings = {
				ALWAYS_SEARCH_USER_PATHS = NO;
				CLANG_CXX_LANGUAGE_STANDARD = "gnu++0x";
				CLANG_CXX_LIBRARY = "libc++";
				CLANG_ENABLE_MODULES = YES;
				CLANG_ENABLE_OBJC_ARC = YES;
				CLANG_WARN_BOOL_CONVERSION = YES;
				CLANG_WARN_CONSTANT_CONVERSION = YES;
				CLANG_WARN_DIRECT_OBJC_ISA_USAGE = YES_ERROR;
				CLANG_WARN_EMPTY_BODY = YES;
				CLANG_WARN_ENUM_CONVERSION = YES;
				CLANG_WARN_INT_CONVERSION = YES;
				CLANG_WARN_OBJC_ROOT_CLASS = YES_ERROR;
				CLANG_WARN_UNREACHABLE_CODE = YES;
				CLANG_WARN__DUPLICATE_METHOD_MATCH = YES;
				COPY_PHASE_STRIP = YES;
				DEBUG_INFORMATION_FORMAT = "dwarf-with-dsym";
				ENABLE_NS_ASSERTIONS = NO;
				ENABLE_STRICT_OBJC_MSGSEND = YES;
				GCC_C_LANGUAGE_STANDARD = gnu99;
				GCC_WARN_64_TO_32_BIT_CONVERSION = YES;
				GCC_WARN_ABOUT_RETURN_TYPE = YES_ERROR;
				GCC_WARN_UNDECLARED_SELECTOR = YES;
				GCC_WARN_UNINITIALIZED_AUTOS = YES_AGGRESSIVE;
				GCC_WARN_UNUSED_FUNCTION = YES;
				GCC_WARN_UNUSED_VARIABLE = YES;
				MACOSX_DEPLOYMENT_TARGET = 10.10;
				MTL_ENABLE_DEBUG_INFO = NO;
				SDKROOT = macosx;
			};
			name = Release;
		};
		F571DE3B1ABC955B003508EE /* Debug */ = {
			isa = XCBuildConfiguration;
			buildSettings = {
				PRODUCT_NAME = "$(TARGET_NAME)";
			};
			name = Debug;
		};
		F571DE3C1ABC955B003508EE /* Release */ = {
			isa = XCBuildConfiguration;
			buildSettings = {
				PRODUCT_NAME = "$(TARGET_NAME)";
			};
			name = Release;
		};
/* End XCBuildConfiguration section */

/* Begin XCConfigurationList section */
		F571DE2E1ABC955B003508EE /* Build configuration list for PBXProject "HellGlow World" */ = {
			isa = XCConfigurationList;
			buildConfigurations = (
				F571DE381ABC955B003508EE /* Debug */,
				F571DE391ABC955B003508EE /* Release */,
			);
			defaultConfigurationIsVisible = 0;
			defaultConfigurationName = Release;
		};
		F571DE3A1ABC955B003508EE /* Build configuration list for PBXNativeTarget "HellGlow World" */ = {
			isa = XCConfigurationList;
			buildConfigurations = (
				F571DE3B1ABC955B003508EE /* Debug */,
				F571DE3C1ABC955B003508EE /* Release */,
			);
			defaultConfigurationIsVisible = 0;
		};
/* End XCConfigurationList section */
	};
	rootObject = F571DE2B1ABC955B003508EE /* Project object */;
}
